Microsoft Visual Studio Solution File, Format Version 11.00
# Visual Studio 2008

Project("{1A346A02-3E70-01DF-F4C6-467CE061E681}") = "Wired", "Assembly-CSharp-firstpass.csproj", "{AE747399-D9AB-9F8A-C41F-D7B5E75AA3CD}"
EndProject
Project("{1A346A02-3E70-01DF-F4C6-467CE061E681}") = "Wired", "Assembly-CSharp.csproj", "{C67E2B05-303D-6614-395D-A52B958B885E}"
EndProject
Project("{1A346A02-3E70-01DF-F4C6-467CE061E681}") = "Wired", "Assembly-CSharp-Editor.csproj", "{1AEC204B-B0F4-ABB8-2C16-18574D77319F}"
EndProject
Global
	GlobalSection(SolutionConfigurationPlatforms) = preSolution
		Debug|Any CPU = Debug|Any CPU
		Release|Any CPU = Release|Any CPU
	EndGlobalSection
	GlobalSection(ProjectConfigurationPlatforms) = postSolution
		{AE747399-D9AB-9F8A-C41F-D7B5E75AA3CD}.Debug|Any CPU.ActiveCfg = Debug|Any CPU
		{AE747399-D9AB-9F8A-C41F-D7B5E75AA3CD}.Debug|Any CPU.Build.0 = Debug|Any CPU
		{AE747399-D9AB-9F8A-C41F-D7B5E75AA3CD}.Release|Any CPU.ActiveCfg = Release|Any CPU
		{AE747399-D9AB-9F8A-C41F-D7B5E75AA3CD}.Release|Any CPU.Build.0 = Release|Any CPU
		{C67E2B05-303D-6614-395D-A52B958B885E}.Debug|Any CPU.ActiveCfg = Debug|Any CPU
		{C67E2B05-303D-6614-395D-A52B958B885E}.Debug|Any CPU.Build.0 = Debug|Any CPU
		{C67E2B05-303D-6614-395D-A52B958B885E}.Release|Any CPU.ActiveCfg = Release|Any CPU
		{C67E2B05-303D-6614-395D-A52B958B885E}.Release|Any CPU.Build.0 = Release|Any CPU
		{1AEC204B-B0F4-ABB8-2C16-18574D77319F}.Debug|Any CPU.ActiveCfg = Debug|Any CPU
		{1AEC204B-B0F4-ABB8-2C16-18574D77319F}.Debug|Any CPU.Build.0 = Debug|Any CPU
		{1AEC204B-B0F4-ABB8-2C16-18574D77319F}.Release|Any CPU.ActiveCfg = Release|Any CPU
		{1AEC204B-B0F4-ABB8-2C16-18574D77319F}.Release|Any CPU.Build.0 = Release|Any CPU
	EndGlobalSection
	GlobalSection(SolutionProperties) = preSolution
		HideSolutionNode = FALSE
	EndGlobalSection
	GlobalSection(MonoDevelopProperties) = preSolution
		StartupItem = Assembly-CSharp.csproj
	EndGlobalSection
EndGlobal
